# @generated - this file is auto-generated by `mise lock` https://mise.en.dev/dev-tools/mise-lock.html

[[tools.node]]
version = "24.16.0"
backend = "core:node"

[tools.node."platforms.linux-arm64"]
checksum = "sha256:589f5b6dd4fcfee4dfda73013903c966abaa8abd93dbc9d436544e472b4f0e74"
url = "https://nodejs.org/dist/v24.16.0/node-v24.16.0-linux-arm64.tar.gz"

[tools.node."platforms.linux-x64"]
checksum = "sha256:2faf6a387e9b62b888e21c54f01249fb27537ffecf1842f29f4c919d0a59a0ff"
url = "https://nodejs.org/dist/v24.16.0/node-v24.16.0-linux-x64.tar.gz"

[tools.node."platforms.macos-arm64"]
checksum = "sha256:39189dab4eeb15706c424af0ac08a3044c9e48f7db12a7d77f6b7aafc7dd5df6"
url = "https://nodejs.org/dist/v24.16.0/node-v24.16.0-darwin-arm64.tar.gz"

[tools.node."platforms.macos-x64"]
checksum = "sha256:298b4c7b3cb80765c8703e42b90324a4ece3b6634947b89e769c3c980ab55185"
url = "https://nodejs.org/dist/v24.16.0/node-v24.16.0-darwin-x64.tar.gz"

[tools.node."platforms.windows-x64"]
checksum = "sha256:edaca9bd58ec8e92037dac4e877d52f6b8f430b81c18b57e264b4e2fb111cd56"
url = "https://nodejs.org/dist/v24.16.0/node-v24.16.0-win-x64.zip"

[[tools.python]]
version = "3.13.13"
backend = "core:python"

[tools.python."platforms.linux-arm64"]
checksum = "sha256:b396c30748c4aa2ca3990464e397bf04cdd3281a4f0464a8ad179daf96f080e2"
url = "https://github.com/astral-sh/python-build-standalone/releases/download/20260602/cpython-3.13.13+20260602-aarch64-unknown-linux-gnu-install_only_stripped.tar.gz"
provenance = "github-attestations"

[tools.python."platforms.linux-x64"]
checksum = "sha256:c249d2b96af6912c3910f234b96aa8d20d30e8b0c46d0584fa956d7a77036ea9"
url = "https://github.com/astral-sh/python-build-standalone/releases/download/20260602/cpython-3.13.13+20260602-x86_64-unknown-linux-gnu-install_only_stripped.tar.gz"
provenance = "github-attestations"

[tools.python."platforms.macos-arm64"]
checksum = "sha256:b929647e1ebe243bd8b66c731e102b97dd7bdcc08127f03b7b22997ac4667403"
url = "https://github.com/astral-sh/python-build-standalone/releases/download/20260602/cpython-3.13.13+20260602-aarch64-apple-darwin-install_only_stripped.tar.gz"
provenance = "github-attestations"

[tools.python."platforms.macos-x64"]
checksum = "sha256:90761d4827285280b38e8d8ecd83f08b838f03730b891c6714e584fb0a53395d"
url = "https://github.com/astral-sh/python-build-standalone/releases/download/20260602/cpython-3.13.13+20260602-x86_64-apple-darwin-install_only_stripped.tar.gz"
provenance = "github-attestations"

[tools.python."platforms.windows-x64"]
checksum = "sha256:747876f7d97b228faccf680022de675ade6416f3e8e383efeb4976fd22a122f7"
url = "https://github.com/astral-sh/python-build-standalone/releases/download/20260602/cpython-3.13.13+20260602-x86_64-pc-windows-msvc-install_only_stripped.tar.gz"
provenance = "github-attestations"
